
Microsoft Visual Studio Solution File, Format Version 12.00
# Visual Studio 2017
Project("{FAE04EC0-301F-11D3-BF4B-00C04F79EFBC}") = "Unity_Tanks", "Unity_Tanks.csproj", "{8BDD7B33-1578-5493-182D-FA09E16AAD61}"
EndProject
Project("{FAE04EC0-301F-11D3-BF4B-00C04F79EFBC}") = "Unity_Tanks.Editor", "Unity_Tanks.Editor.csproj", "{4DDD7B1E-453A-C26B-4BBE-9798609D7955}"
EndProject
Global
	GlobalSection(SolutionConfigurationPlatforms) = preSolution
		Debug|Any CPU = Debug|Any CPU
		Release|Any CPU = Release|Any CPU
	EndGlobalSection
	GlobalSection(ProjectConfigurationPlatforms) = postSolution
		{8BDD7B33-1578-5493-182D-FA09E16AAD61}.Debug|Any CPU.ActiveCfg = Debug|Any CPU
		{8BDD7B33-1578-5493-182D-FA09E16AAD61}.Debug|Any CPU.Build.0 = Debug|Any CPU
		{8BDD7B33-1578-5493-182D-FA09E16AAD61}.Release|Any CPU.ActiveCfg = Release|Any CPU
		{8BDD7B33-1578-5493-182D-FA09E16AAD61}.Release|Any CPU.Build.0 = Release|Any CPU
		{4DDD7B1E-453A-C26B-4BBE-9798609D7955}.Debug|Any CPU.ActiveCfg = Debug|Any CPU
		{4DDD7B1E-453A-C26B-4BBE-9798609D7955}.Debug|Any CPU.Build.0 = Debug|Any CPU
		{4DDD7B1E-453A-C26B-4BBE-9798609D7955}.Release|Any CPU.ActiveCfg = Release|Any CPU
		{4DDD7B1E-453A-C26B-4BBE-9798609D7955}.Release|Any CPU.Build.0 = Release|Any CPU
	EndGlobalSection
	GlobalSection(SolutionProperties) = preSolution
		HideSolutionNode = FALSE
	EndGlobalSection
EndGlobal
